github.com/andlabs/ui v0.0.0-20220130021914-7e6b1b4e3a56 h1:xxxxxxxxxxxxxxxxxxxxxxxxxxx=
github.com/andlabs/ui v0.0.0-20220130021914-7e6b1b4e3a56/go.mod h1:yyyyyyyyyyyyyyy=
github.com/go-gl/gl v0.0.0-20211210172815-726fda9656d6 h1:zzzz...=
github.com/go-gl/gl v0.0.0-20211210172815-726fda9656d6/go.mod h1:aaa...=
...
